
Microsoft Visual Studio Solution File, Format Version 12.00
# Visual Studio Version 16
VisualStudioVersion = 16.0.31205.134
MinimumVisualStudioVersion = 10.0.40219.1
Project("{FAE04EC0-301F-11D3-BF4B-00C04F79EFBC}") = "PromilleApp", "PromilleApp.csproj", "{9495FB7B-1103-4B32-AA39-BCC668E4ED98}"
EndProject
Global
	GlobalSection(SolutionConfigurationPlatforms) = preSolution
		Debug|Any CPU = Debug|Any CPU
		Release|Any CPU = Release|Any CPU
	EndGlobalSection
	GlobalSection(ProjectConfigurationPlatforms) = postSolution
		{9495FB7B-1103-4B32-AA39-BCC668E4ED98}.Debug|Any CPU.ActiveCfg = Debug|Any CPU
		{9495FB7B-1103-4B32-AA39-BCC668E4ED98}.Debug|Any CPU.Build.0 = Debug|Any CPU
		{9495FB7B-1103-4B32-AA39-BCC668E4ED98}.Release|Any CPU.ActiveCfg = Release|Any CPU
		{9495FB7B-1103-4B32-AA39-BCC668E4ED98}.Release|Any CPU.Build.0 = Release|Any CPU
	EndGlobalSection
	GlobalSection(SolutionProperties) = preSolution
		HideSolutionNode = FALSE
	EndGlobalSection
	GlobalSection(ExtensibilityGlobals) = postSolution
		SolutionGuid = {22ED7805-D149-4593-ADF6-D476698E6218}
	EndGlobalSection
EndGlobal
